PODS:
  - Au10tixBaseUI (3.22.0):
    - Au10tixCore
  - Au10tixBEKit (3.22.0):
    - Au10tixCore
  - Au10tixCore (3.22.0)
  - Au10tixDetectorManager (3.22.0):
    - Au10tixCore
  - Au10tixLivenessKit (3.22.0):
    - Au10tixCore
    - Au10tixDetectorManager
    - Au10tixPassiveFaceLivenessKit
    - Au10tixSourceManager
  - Au10tixLivenessUI (3.22.0):
    - Au10tixBaseUI
    - Au10tixLivenessKit
  - Au10tixNFCPassportKit (3.22.0):
    - Au10tixCore
    - Au10tixDetectorManager
    - Au10tixSourceManager
  - Au10tixNFCPassportUI (3.22.0):
    - Au10tixBaseUI
    - Au10tixNFCPassportKit
  - Au10tixPassiveFaceLivenessKit (3.22.0):
    - Au10tixCore
    - Au10tixDetectorManager
    - Au10tixSourceManager
  - Au10tixPassiveFaceLivenessUI (3.22.0):
    - Au10tixBaseUI
    - Au10tixPassiveFaceLivenessKit
  - Au10tixProofOfAddressKit (3.22.0):
    - Au10tixCore
    - Au10tixDetectorManager
    - Au10tixSourceManager
  - Au10tixProofOfAddressUI (3.22.0):
    - Au10tixBaseUI
    - Au10tixProofOfAddressKit
  - Au10tixSecureMeKit (3.22.0):
    - Au10tixBaseUI
    - Au10tixBEKit
    - Au10tixCore
  - Au10tixSmartDocumentCaptureKit (3.22.0):
    - Au10tixCore
    - Au10tixDetectorManager
    - Au10tixSourceManager
  - Au10tixSmartDocumentCaptureUI (3.22.0):
    - Au10tixBaseUI
    - Au10tixSmartDocumentCaptureKit
  - Au10tixSourceManager (3.22.0):
    - Au10tixCore
  - Au10tixVoiceConsentUI (3.22.0):
    - Au10tixBaseUI
    - Au10tixCore
    - Au10tixSourceManager

DEPENDENCIES:
  - Au10tixBEKit
  - Au10tixLivenessUI
  - Au10tixNFCPassportUI
  - Au10tixPassiveFaceLivenessUI
  - Au10tixProofOfAddressUI
  - Au10tixSecureMeKit
  - Au10tixSmartDocumentCaptureUI
  - Au10tixVoiceConsentUI

SPEC REPOS:
  https://github.com/au10tixmobile/iOS_Artifacts_cocoapods_spec.git:
    - Au10tixBaseUI
    - Au10tixBEKit
    - Au10tixCore
    - Au10tixDetectorManager
    - Au10tixLivenessKit
    - Au10tixLivenessUI
    - Au10tixNFCPassportKit
    - Au10tixNFCPassportUI
    - Au10tixPassiveFaceLivenessKit
    - Au10tixPassiveFaceLivenessUI
    - Au10tixProofOfAddressKit
    - Au10tixProofOfAddressUI
    - Au10tixSecureMeKit
    - Au10tixSmartDocumentCaptureKit
    - Au10tixSmartDocumentCaptureUI
    - Au10tixSourceManager
    - Au10tixVoiceConsentUI

SPEC CHECKSUMS:
  Au10tixBaseUI: 23dcfd54c6088dadd13ed870b31188f25c42f4ce
  Au10tixBEKit: f0490023b7b121393a694485c7f3f80ef5663824
  Au10tixCore: 302cb984e1519ee40eb06e2b5bcfd315d9cae95e
  Au10tixDetectorManager: 8a46098c26c751973f5d5d8d9fa291bf883bf1e6
  Au10tixLivenessKit: 17877f5541f23795ea4d176f6aa19d0c668a7562
  Au10tixLivenessUI: a9ef8daea6dbbb448cf90a2b8927f309996d1165
  Au10tixNFCPassportKit: 3f3f89561d05ccdb48588eef3cd27717e1f3f4dd
  Au10tixNFCPassportUI: e0de848d39701d5fc1e7ae19e618ba52a3ce1c5f
  Au10tixPassiveFaceLivenessKit: f0961a86fbf8300ffaac0a39204d064563c3c656
  Au10tixPassiveFaceLivenessUI: 79e5f51903d9b8a9cb9d9dd957cf76a37d086f6a
  Au10tixProofOfAddressKit: 8ae7a3418f88e5cda5dfd691b6574a9594f06325
  Au10tixProofOfAddressUI: ede2cb79d2f241d3cf2d256ec323bb27bebb5cfd
  Au10tixSecureMeKit: 8e4c8cf8d9311bed79f48e6b8217ca14a3d8c584
  Au10tixSmartDocumentCaptureKit: 748824b427e0dd11f3f617ec97c6e1c9ed557bcb
  Au10tixSmartDocumentCaptureUI: 4f7a309d08ed238b70cdd7342aa75665893146a8
  Au10tixSourceManager: d386653fa54737e95326e262978ae055aba73dbe
  Au10tixVoiceConsentUI: 518026b3eedca9bb2e25493a9a903c1509e77350

PODFILE CHECKSUM: 472fb17b0310fdbc6113d588fc65e22308a469d5

COCOAPODS: 1.12.1
