PODS:
  - Au10tixBaseUI (3.3.3):
    - Au10tixCore
  - Au10tixBEKit (3.3.3):
    - Au10tixCore
  - Au10tixCore (3.3.3)
  - Au10tixDetectorManager (3.3.3):
    - Au10tixCore
  - Au10tixLivenessKit (3.3.3):
    - Au10tixCore
    - Au10tixDetectorManager
    - Au10tixPassiveFaceLivenessKit
    - Au10tixSourceManager
  - Au10tixLivenessUI (3.3.3):
    - Au10tixBaseUI
    - Au10tixLivenessKit
  - Au10tixPassiveFaceLivenessKit (3.3.3):
    - Au10tixCore
    - Au10tixDetectorManager
    - Au10tixSourceManager
  - Au10tixPassiveFaceLivenessUI (3.3.3):
    - Au10tixBaseUI
    - Au10tixPassiveFaceLivenessKit
  - Au10tixProofOfAddressKit (3.3.3):
    - Au10tixCore
    - Au10tixDetectorManager
    - Au10tixSourceManager
  - Au10tixProofOfAddressUI (3.3.3):
    - Au10tixBaseUI
    - Au10tixProofOfAddressKit
  - Au10tixSecureMeKit (3.3.3):
    - Au10tixBaseUI
    - Au10tixBEKit
    - Au10tixCore
  - Au10tixSmartDocumentCaptureKit (3.3.3):
    - Au10tixCore
    - Au10tixDetectorManager
    - Au10tixSourceManager
  - Au10tixSmartDocumentCaptureUI (3.3.3):
    - Au10tixBaseUI
    - Au10tixSmartDocumentCaptureKit
  - Au10tixSourceManager (3.3.3):
    - Au10tixCore

DEPENDENCIES:
  - Au10tixBEKit
  - Au10tixLivenessUI
  - Au10tixPassiveFaceLivenessUI
  - Au10tixProofOfAddressUI
  - Au10tixSecureMeKit
  - Au10tixSmartDocumentCaptureUI

SPEC REPOS:
  https://github.com/au10tixmobile/iOS_Artifacts_cocoapods_spec.git:
    - Au10tixBaseUI
    - Au10tixBEKit
    - Au10tixCore
    - Au10tixDetectorManager
    - Au10tixLivenessKit
    - Au10tixLivenessUI
    - Au10tixPassiveFaceLivenessKit
    - Au10tixPassiveFaceLivenessUI
    - Au10tixProofOfAddressKit
    - Au10tixProofOfAddressUI
    - Au10tixSecureMeKit
    - Au10tixSmartDocumentCaptureKit
    - Au10tixSmartDocumentCaptureUI
    - Au10tixSourceManager

SPEC CHECKSUMS:
  Au10tixBaseUI: 06fd7b2e00e1efa594f5a07ea10fd3242fe478a6
  Au10tixBEKit: 25c0e2774a1ddad227d321bacf10a90256da0b2b
  Au10tixCore: 452d8560d8c15bfa96f83d56792d833326a44da8
  Au10tixDetectorManager: dc695f96952205328d763c064e59c4e948f4ff7d
  Au10tixLivenessKit: 374575aace5c29767dc44636d5902c4be8b500d4
  Au10tixLivenessUI: 0cf9c222ff53be71cebe7a5a34061f938afb365c
  Au10tixPassiveFaceLivenessKit: 56816b11f8c9a984231fb46b28a06387a21c556c
  Au10tixPassiveFaceLivenessUI: a1e77a1f9e71eebd13d8405587f40b5943f9ad89
  Au10tixProofOfAddressKit: c9833906fb0f0e563ca7224a7b5a828b70fb99f0
  Au10tixProofOfAddressUI: 67824204d5e018acc55da606bbf4d73f1462f542
  Au10tixSecureMeKit: 54ec132fffe3ceabebde4b743389dc1ea3aa0f37
  Au10tixSmartDocumentCaptureKit: ab166406129ad0a0e439043194f7c8d1cf9dbc72
  Au10tixSmartDocumentCaptureUI: 66416136bae848dd5b6eb014f856d634797f1911
  Au10tixSourceManager: 8db32fccdc3de69a01327534f9f3c27f3f05b226

PODFILE CHECKSUM: 770986c87ad009dce5073c327cea47c6d003a3d9

COCOAPODS: 1.10.1
